
Microsoft Visual Studio Solution File, Format Version 12.00
Project("{FAE04EC0-301F-11D3-BF4B-00C04F79EFBC}") = "simplerbot", "simplerbot\simplerbot.csproj", "{21F671AC-0F52-4F69-A932-0FF1B4B4C32A}"
EndProject
Global
	GlobalSection(SolutionConfigurationPlatforms) = preSolution
		Debug|Any CPU = Debug|Any CPU
		Release|Any CPU = Release|Any CPU
	EndGlobalSection
	GlobalSection(ProjectConfigurationPlatforms) = postSolution
		{21F671AC-0F52-4F69-A932-0FF1B4B4C32A}.Debug|Any CPU.ActiveCfg = Debug|Any CPU
		{21F671AC-0F52-4F69-A932-0FF1B4B4C32A}.Debug|Any CPU.Build.0 = Debug|Any CPU
		{21F671AC-0F52-4F69-A932-0FF1B4B4C32A}.Release|Any CPU.ActiveCfg = Release|Any CPU
		{21F671AC-0F52-4F69-A932-0FF1B4B4C32A}.Release|Any CPU.Build.0 = Release|Any CPU
	EndGlobalSection
EndGlobal
